
Microsoft Visual Studio Solution File, Format Version 12.00
# Visual Studio 15
VisualStudioVersion = 15.0.27703.2035
MinimumVisualStudioVersion = 10.0.40219.1
Project("{FAE04EC0-301F-11D3-BF4B-00C04F79EFBC}") = "ML.Sport", "ML.Sport\ML.Sport.csproj", "{73F38747-723F-4FB9-8C3C-2ECD43B24D6D}"
EndProject
Project("{FAE04EC0-301F-11D3-BF4B-00C04F79EFBC}") = "ML.Sport.Tests", "ML.Sport.Tests\ML.Sport.Tests.csproj", "{B74C64EB-30C5-4F4C-81C3-E1FD7A7353E9}"
EndProject
Global
	GlobalSection(SolutionConfigurationPlatforms) = preSolution
		Debug|Any CPU = Debug|Any CPU
		Release|Any CPU = Release|Any CPU
	EndGlobalSection
	GlobalSection(ProjectConfigurationPlatforms) = postSolution
		{73F38747-723F-4FB9-8C3C-2ECD43B24D6D}.Debug|Any CPU.ActiveCfg = Debug|Any CPU
		{73F38747-723F-4FB9-8C3C-2ECD43B24D6D}.Debug|Any CPU.Build.0 = Debug|Any CPU
		{73F38747-723F-4FB9-8C3C-2ECD43B24D6D}.Release|Any CPU.ActiveCfg = Release|Any CPU
		{73F38747-723F-4FB9-8C3C-2ECD43B24D6D}.Release|Any CPU.Build.0 = Release|Any CPU
		{B74C64EB-30C5-4F4C-81C3-E1FD7A7353E9}.Debug|Any CPU.ActiveCfg = Debug|Any CPU
		{B74C64EB-30C5-4F4C-81C3-E1FD7A7353E9}.Debug|Any CPU.Build.0 = Debug|Any CPU
		{B74C64EB-30C5-4F4C-81C3-E1FD7A7353E9}.Release|Any CPU.ActiveCfg = Release|Any CPU
		{B74C64EB-30C5-4F4C-81C3-E1FD7A7353E9}.Release|Any CPU.Build.0 = Release|Any CPU
	EndGlobalSection
	GlobalSection(SolutionProperties) = preSolution
		HideSolutionNode = FALSE
	EndGlobalSection
	GlobalSection(ExtensibilityGlobals) = postSolution
		SolutionGuid = {E4B3363E-257A-4F60-85EE-0E1F6BB2D0DF}
	EndGlobalSection
EndGlobal
